
Microsoft Visual Studio Solution File, Format Version 12.00
# Visual Studio Version 17
VisualStudioVersion = 17.1.32228.430
MinimumVisualStudioVersion = 10.0.40219.1
Project("{FAE04EC0-301F-11D3-BF4B-00C04F79EFBC}") = "AspEndProject", "AspEndProject\AspEndProject.csproj", "{4D9D35BA-DF89-4235-9248-C93F538A908E}"
EndProject
Global
	GlobalSection(SolutionConfigurationPlatforms) = preSolution
		Debug|Any CPU = Debug|Any CPU
		Release|Any CPU = Release|Any CPU
	EndGlobalSection
	GlobalSection(ProjectConfigurationPlatforms) = postSolution
		{4D9D35BA-DF89-4235-9248-C93F538A908E}.Debug|Any CPU.ActiveCfg = Debug|Any CPU
		{4D9D35BA-DF89-4235-9248-C93F538A908E}.Debug|Any CPU.Build.0 = Debug|Any CPU
		{4D9D35BA-DF89-4235-9248-C93F538A908E}.Release|Any CPU.ActiveCfg = Release|Any CPU
		{4D9D35BA-DF89-4235-9248-C93F538A908E}.Release|Any CPU.Build.0 = Release|Any CPU
	EndGlobalSection
	GlobalSection(SolutionProperties) = preSolution
		HideSolutionNode = FALSE
	EndGlobalSection
	GlobalSection(ExtensibilityGlobals) = postSolution
		SolutionGuid = {FF1E3428-B5E8-4E65-BFE6-2390034A5A12}
	EndGlobalSection
EndGlobal
